
Microsoft Visual Studio Solution File, Format Version 12.00
# Visual Studio Version 16
VisualStudioVersion = 16.0.30114.105
MinimumVisualStudioVersion = 10.0.40219.1
Project("{8BC9CEB8-8B4A-11D0-8D11-00A0C91BC942}") = "Cherno_C++_Refresh_56_Auto", "Cherno_C++_Refresh_56_Auto\Cherno_C++_Refresh_56_Auto.vcxproj", "{00767F47-545F-4AC4-A78C-CBE689ED694A}"
EndProject
Global
	GlobalSection(SolutionConfigurationPlatforms) = preSolution
		Debug|x64 = Debug|x64
		Debug|x86 = Debug|x86
		Release|x64 = Release|x64
		Release|x86 = Release|x86
	EndGlobalSection
	GlobalSection(ProjectConfigurationPlatforms) = postSolution
		{00767F47-545F-4AC4-A78C-CBE689ED694A}.Debug|x64.ActiveCfg = Debug|x64
		{00767F47-545F-4AC4-A78C-CBE689ED694A}.Debug|x64.Build.0 = Debug|x64
		{00767F47-545F-4AC4-A78C-CBE689ED694A}.Debug|x86.ActiveCfg = Debug|Win32
		{00767F47-545F-4AC4-A78C-CBE689ED694A}.Debug|x86.Build.0 = Debug|Win32
		{00767F47-545F-4AC4-A78C-CBE689ED694A}.Release|x64.ActiveCfg = Release|x64
		{00767F47-545F-4AC4-A78C-CBE689ED694A}.Release|x64.Build.0 = Release|x64
		{00767F47-545F-4AC4-A78C-CBE689ED694A}.Release|x86.ActiveCfg = Release|Win32
		{00767F47-545F-4AC4-A78C-CBE689ED694A}.Release|x86.Build.0 = Release|Win32
	EndGlobalSection
	GlobalSection(SolutionProperties) = preSolution
		HideSolutionNode = FALSE
	EndGlobalSection
	GlobalSection(ExtensibilityGlobals) = postSolution
		SolutionGuid = {D2A5AF62-8220-40DB-93DC-653B0EBD44E4}
	EndGlobalSection
EndGlobal
