
Microsoft Visual Studio Solution File, Format Version 12.00
# Visual Studio Version 16
VisualStudioVersion = 16.0.30114.105
MinimumVisualStudioVersion = 10.0.40219.1
Project("{8BC9CEB8-8B4A-11D0-8D11-00A0C91BC942}") = "Cherno_C++_Refresh_67_Unions", "Cherno_C++_Refresh_67_Unions\Cherno_C++_Refresh_67_Unions.vcxproj", "{FE894B03-6DEA-4476-8C1B-A3A0AA866779}"
EndProject
Global
	GlobalSection(SolutionConfigurationPlatforms) = preSolution
		Debug|x64 = Debug|x64
		Debug|x86 = Debug|x86
		Release|x64 = Release|x64
		Release|x86 = Release|x86
	EndGlobalSection
	GlobalSection(ProjectConfigurationPlatforms) = postSolution
		{FE894B03-6DEA-4476-8C1B-A3A0AA866779}.Debug|x64.ActiveCfg = Debug|x64
		{FE894B03-6DEA-4476-8C1B-A3A0AA866779}.Debug|x64.Build.0 = Debug|x64
		{FE894B03-6DEA-4476-8C1B-A3A0AA866779}.Debug|x86.ActiveCfg = Debug|Win32
		{FE894B03-6DEA-4476-8C1B-A3A0AA866779}.Debug|x86.Build.0 = Debug|Win32
		{FE894B03-6DEA-4476-8C1B-A3A0AA866779}.Release|x64.ActiveCfg = Release|x64
		{FE894B03-6DEA-4476-8C1B-A3A0AA866779}.Release|x64.Build.0 = Release|x64
		{FE894B03-6DEA-4476-8C1B-A3A0AA866779}.Release|x86.ActiveCfg = Release|Win32
		{FE894B03-6DEA-4476-8C1B-A3A0AA866779}.Release|x86.Build.0 = Release|Win32
	EndGlobalSection
	GlobalSection(SolutionProperties) = preSolution
		HideSolutionNode = FALSE
	EndGlobalSection
	GlobalSection(ExtensibilityGlobals) = postSolution
		SolutionGuid = {425D95B2-D34C-4AD2-8C5F-3B7CE6BD8AB2}
	EndGlobalSection
EndGlobal
