
Microsoft Visual Studio Solution File, Format Version 12.00
# Visual Studio 15
VisualStudioVersion = 15.0.28307.757
MinimumVisualStudioVersion = 10.0.40219.1
Project("{8BC9CEB8-8B4A-11D0-8D11-00A0C91BC942}") = "CS3060_C++_11.13_StructsDrinkMachine", "CS3060_C++_11.13_StructsDrinkMachine\CS3060_C++_11.13_StructsDrinkMachine.vcxproj", "{D68F4F4C-753D-422F-8A24-3EFB6690A7A5}"
EndProject
Global
	GlobalSection(SolutionConfigurationPlatforms) = preSolution
		Debug|x64 = Debug|x64
		Debug|x86 = Debug|x86
		Release|x64 = Release|x64
		Release|x86 = Release|x86
	EndGlobalSection
	GlobalSection(ProjectConfigurationPlatforms) = postSolution
		{D68F4F4C-753D-422F-8A24-3EFB6690A7A5}.Debug|x64.ActiveCfg = Debug|x64
		{D68F4F4C-753D-422F-8A24-3EFB6690A7A5}.Debug|x64.Build.0 = Debug|x64
		{D68F4F4C-753D-422F-8A24-3EFB6690A7A5}.Debug|x86.ActiveCfg = Debug|Win32
		{D68F4F4C-753D-422F-8A24-3EFB6690A7A5}.Debug|x86.Build.0 = Debug|Win32
		{D68F4F4C-753D-422F-8A24-3EFB6690A7A5}.Release|x64.ActiveCfg = Release|x64
		{D68F4F4C-753D-422F-8A24-3EFB6690A7A5}.Release|x64.Build.0 = Release|x64
		{D68F4F4C-753D-422F-8A24-3EFB6690A7A5}.Release|x86.ActiveCfg = Release|Win32
		{D68F4F4C-753D-422F-8A24-3EFB6690A7A5}.Release|x86.Build.0 = Release|Win32
	EndGlobalSection
	GlobalSection(SolutionProperties) = preSolution
		HideSolutionNode = FALSE
	EndGlobalSection
	GlobalSection(ExtensibilityGlobals) = postSolution
		SolutionGuid = {1C9A9645-3347-4AC8-B819-51477886C2D8}
	EndGlobalSection
EndGlobal
