
Microsoft Visual Studio Solution File, Format Version 12.00
# Visual Studio 15
VisualStudioVersion = 15.0.28307.757
MinimumVisualStudioVersion = 10.0.40219.1
Project("{8BC9CEB8-8B4A-11D0-8D11-00A0C91BC942}") = "C++_LinkedListsAdd2Lists'Ints", "C++_LinkedListsAdd2Lists'Ints\C++_LinkedListsAdd2Lists'Ints.vcxproj", "{768EEFD1-20B6-4B72-8AEA-C10559B20469}"
EndProject
Global
	GlobalSection(SolutionConfigurationPlatforms) = preSolution
		Debug|x64 = Debug|x64
		Debug|x86 = Debug|x86
		Release|x64 = Release|x64
		Release|x86 = Release|x86
	EndGlobalSection
	GlobalSection(ProjectConfigurationPlatforms) = postSolution
		{768EEFD1-20B6-4B72-8AEA-C10559B20469}.Debug|x64.ActiveCfg = Debug|x64
		{768EEFD1-20B6-4B72-8AEA-C10559B20469}.Debug|x64.Build.0 = Debug|x64
		{768EEFD1-20B6-4B72-8AEA-C10559B20469}.Debug|x86.ActiveCfg = Debug|Win32
		{768EEFD1-20B6-4B72-8AEA-C10559B20469}.Debug|x86.Build.0 = Debug|Win32
		{768EEFD1-20B6-4B72-8AEA-C10559B20469}.Release|x64.ActiveCfg = Release|x64
		{768EEFD1-20B6-4B72-8AEA-C10559B20469}.Release|x64.Build.0 = Release|x64
		{768EEFD1-20B6-4B72-8AEA-C10559B20469}.Release|x86.ActiveCfg = Release|Win32
		{768EEFD1-20B6-4B72-8AEA-C10559B20469}.Release|x86.Build.0 = Release|Win32
	EndGlobalSection
	GlobalSection(SolutionProperties) = preSolution
		HideSolutionNode = FALSE
	EndGlobalSection
	GlobalSection(ExtensibilityGlobals) = postSolution
		SolutionGuid = {0E68C143-729B-42F4-935C-18902A735020}
	EndGlobalSection
EndGlobal
