
Microsoft Visual Studio Solution File, Format Version 12.00
# Visual Studio 15
VisualStudioVersion = 15.0.28307.757
MinimumVisualStudioVersion = 10.0.40219.1
Project("{8BC9CEB8-8B4A-11D0-8D11-00A0C91BC942}") = "CS3060_C++_15.04_ClassInheritanceMore", "CS3060_C++_15.04_ClassInheritanceMore\CS3060_C++_15.04_ClassInheritanceMore.vcxproj", "{41D8ADDB-8D39-4B0A-A172-0A8A0EC51823}"
EndProject
Global
	GlobalSection(SolutionConfigurationPlatforms) = preSolution
		Debug|x64 = Debug|x64
		Debug|x86 = Debug|x86
		Release|x64 = Release|x64
		Release|x86 = Release|x86
	EndGlobalSection
	GlobalSection(ProjectConfigurationPlatforms) = postSolution
		{41D8ADDB-8D39-4B0A-A172-0A8A0EC51823}.Debug|x64.ActiveCfg = Debug|x64
		{41D8ADDB-8D39-4B0A-A172-0A8A0EC51823}.Debug|x64.Build.0 = Debug|x64
		{41D8ADDB-8D39-4B0A-A172-0A8A0EC51823}.Debug|x86.ActiveCfg = Debug|Win32
		{41D8ADDB-8D39-4B0A-A172-0A8A0EC51823}.Debug|x86.Build.0 = Debug|Win32
		{41D8ADDB-8D39-4B0A-A172-0A8A0EC51823}.Release|x64.ActiveCfg = Release|x64
		{41D8ADDB-8D39-4B0A-A172-0A8A0EC51823}.Release|x64.Build.0 = Release|x64
		{41D8ADDB-8D39-4B0A-A172-0A8A0EC51823}.Release|x86.ActiveCfg = Release|Win32
		{41D8ADDB-8D39-4B0A-A172-0A8A0EC51823}.Release|x86.Build.0 = Release|Win32
	EndGlobalSection
	GlobalSection(SolutionProperties) = preSolution
		HideSolutionNode = FALSE
	EndGlobalSection
	GlobalSection(ExtensibilityGlobals) = postSolution
		SolutionGuid = {B9AC31AE-CEDC-41DA-B645-CB76BE6BFDF6}
	EndGlobalSection
EndGlobal
