
Microsoft Visual Studio Solution File, Format Version 12.00
# Visual Studio 15
VisualStudioVersion = 15.0.28307.757
MinimumVisualStudioVersion = 10.0.40219.1
Project("{8BC9CEB8-8B4A-11D0-8D11-00A0C91BC942}") = "CS3060_C++_3.12_CelsiusFahrenheit", "CS3060_C++_3.12_CelsiusFahrenheit\CS3060_C++_3.12_CelsiusFahrenheit.vcxproj", "{AF0EA451-349A-4A30-9E2E-5158330A7C50}"
EndProject
Global
	GlobalSection(SolutionConfigurationPlatforms) = preSolution
		Debug|x64 = Debug|x64
		Debug|x86 = Debug|x86
		Release|x64 = Release|x64
		Release|x86 = Release|x86
	EndGlobalSection
	GlobalSection(ProjectConfigurationPlatforms) = postSolution
		{AF0EA451-349A-4A30-9E2E-5158330A7C50}.Debug|x64.ActiveCfg = Debug|x64
		{AF0EA451-349A-4A30-9E2E-5158330A7C50}.Debug|x64.Build.0 = Debug|x64
		{AF0EA451-349A-4A30-9E2E-5158330A7C50}.Debug|x86.ActiveCfg = Debug|Win32
		{AF0EA451-349A-4A30-9E2E-5158330A7C50}.Debug|x86.Build.0 = Debug|Win32
		{AF0EA451-349A-4A30-9E2E-5158330A7C50}.Release|x64.ActiveCfg = Release|x64
		{AF0EA451-349A-4A30-9E2E-5158330A7C50}.Release|x64.Build.0 = Release|x64
		{AF0EA451-349A-4A30-9E2E-5158330A7C50}.Release|x86.ActiveCfg = Release|Win32
		{AF0EA451-349A-4A30-9E2E-5158330A7C50}.Release|x86.Build.0 = Release|Win32
	EndGlobalSection
	GlobalSection(SolutionProperties) = preSolution
		HideSolutionNode = FALSE
	EndGlobalSection
	GlobalSection(ExtensibilityGlobals) = postSolution
		SolutionGuid = {C0290B0A-262E-4ACA-92EB-D0ABF9A7E317}
	EndGlobalSection
EndGlobal
