
Microsoft Visual Studio Solution File, Format Version 12.00
# Visual Studio 15
VisualStudioVersion = 15.0.28307.757
MinimumVisualStudioVersion = 10.0.40219.1
Project("{8BC9CEB8-8B4A-11D0-8D11-00A0C91BC942}") = "CS3060_C++_12.11_AdvFileOpsOutputting", "CS3060_C++_12.11_AdvFileOpsOutputting\CS3060_C++_12.11_AdvFileOpsOutputting.vcxproj", "{EC6C8997-A31C-41B3-8785-9BF2F6527523}"
EndProject
Global
	GlobalSection(SolutionConfigurationPlatforms) = preSolution
		Debug|x64 = Debug|x64
		Debug|x86 = Debug|x86
		Release|x64 = Release|x64
		Release|x86 = Release|x86
	EndGlobalSection
	GlobalSection(ProjectConfigurationPlatforms) = postSolution
		{EC6C8997-A31C-41B3-8785-9BF2F6527523}.Debug|x64.ActiveCfg = Debug|x64
		{EC6C8997-A31C-41B3-8785-9BF2F6527523}.Debug|x64.Build.0 = Debug|x64
		{EC6C8997-A31C-41B3-8785-9BF2F6527523}.Debug|x86.ActiveCfg = Debug|Win32
		{EC6C8997-A31C-41B3-8785-9BF2F6527523}.Debug|x86.Build.0 = Debug|Win32
		{EC6C8997-A31C-41B3-8785-9BF2F6527523}.Release|x64.ActiveCfg = Release|x64
		{EC6C8997-A31C-41B3-8785-9BF2F6527523}.Release|x64.Build.0 = Release|x64
		{EC6C8997-A31C-41B3-8785-9BF2F6527523}.Release|x86.ActiveCfg = Release|Win32
		{EC6C8997-A31C-41B3-8785-9BF2F6527523}.Release|x86.Build.0 = Release|Win32
	EndGlobalSection
	GlobalSection(SolutionProperties) = preSolution
		HideSolutionNode = FALSE
	EndGlobalSection
	GlobalSection(ExtensibilityGlobals) = postSolution
		SolutionGuid = {6376D5BE-5EB0-4C1B-8CB6-B9B4287BED37}
	EndGlobalSection
EndGlobal
