
Microsoft Visual Studio Solution File, Format Version 12.00
# Visual Studio 15
VisualStudioVersion = 15.0.28307.757
MinimumVisualStudioVersion = 10.0.40219.1
Project("{8BC9CEB8-8B4A-11D0-8D11-00A0C91BC942}") = "CS3060_C++_14.13_MoreClasses", "CS3060_C++_14.13_MoreClasses\CS3060_C++_14.13_MoreClasses.vcxproj", "{18BFF8F2-9CCB-4099-9AD9-D23E49A50575}"
EndProject
Global
	GlobalSection(SolutionConfigurationPlatforms) = preSolution
		Debug|x64 = Debug|x64
		Debug|x86 = Debug|x86
		Release|x64 = Release|x64
		Release|x86 = Release|x86
	EndGlobalSection
	GlobalSection(ProjectConfigurationPlatforms) = postSolution
		{18BFF8F2-9CCB-4099-9AD9-D23E49A50575}.Debug|x64.ActiveCfg = Debug|x64
		{18BFF8F2-9CCB-4099-9AD9-D23E49A50575}.Debug|x64.Build.0 = Debug|x64
		{18BFF8F2-9CCB-4099-9AD9-D23E49A50575}.Debug|x86.ActiveCfg = Debug|Win32
		{18BFF8F2-9CCB-4099-9AD9-D23E49A50575}.Debug|x86.Build.0 = Debug|Win32
		{18BFF8F2-9CCB-4099-9AD9-D23E49A50575}.Release|x64.ActiveCfg = Release|x64
		{18BFF8F2-9CCB-4099-9AD9-D23E49A50575}.Release|x64.Build.0 = Release|x64
		{18BFF8F2-9CCB-4099-9AD9-D23E49A50575}.Release|x86.ActiveCfg = Release|Win32
		{18BFF8F2-9CCB-4099-9AD9-D23E49A50575}.Release|x86.Build.0 = Release|Win32
	EndGlobalSection
	GlobalSection(SolutionProperties) = preSolution
		HideSolutionNode = FALSE
	EndGlobalSection
	GlobalSection(ExtensibilityGlobals) = postSolution
		SolutionGuid = {D5048AE4-2C13-4234-8923-627BA568E7AF}
	EndGlobalSection
EndGlobal
