
Microsoft Visual Studio Solution File, Format Version 12.00
# Visual Studio 15
VisualStudioVersion = 15.0.28307.757
MinimumVisualStudioVersion = 10.0.40219.1
Project("{8BC9CEB8-8B4A-11D0-8D11-00A0C91BC942}") = "C++_LinkedListsFindMiddle", "C++_LinkedListsFindMiddle\C++_LinkedListsFindMiddle.vcxproj", "{95D35F07-A8EA-47FC-A82D-6EDF5ABD569F}"
EndProject
Global
	GlobalSection(SolutionConfigurationPlatforms) = preSolution
		Debug|x64 = Debug|x64
		Debug|x86 = Debug|x86
		Release|x64 = Release|x64
		Release|x86 = Release|x86
	EndGlobalSection
	GlobalSection(ProjectConfigurationPlatforms) = postSolution
		{95D35F07-A8EA-47FC-A82D-6EDF5ABD569F}.Debug|x64.ActiveCfg = Debug|x64
		{95D35F07-A8EA-47FC-A82D-6EDF5ABD569F}.Debug|x64.Build.0 = Debug|x64
		{95D35F07-A8EA-47FC-A82D-6EDF5ABD569F}.Debug|x86.ActiveCfg = Debug|Win32
		{95D35F07-A8EA-47FC-A82D-6EDF5ABD569F}.Debug|x86.Build.0 = Debug|Win32
		{95D35F07-A8EA-47FC-A82D-6EDF5ABD569F}.Release|x64.ActiveCfg = Release|x64
		{95D35F07-A8EA-47FC-A82D-6EDF5ABD569F}.Release|x64.Build.0 = Release|x64
		{95D35F07-A8EA-47FC-A82D-6EDF5ABD569F}.Release|x86.ActiveCfg = Release|Win32
		{95D35F07-A8EA-47FC-A82D-6EDF5ABD569F}.Release|x86.Build.0 = Release|Win32
	EndGlobalSection
	GlobalSection(SolutionProperties) = preSolution
		HideSolutionNode = FALSE
	EndGlobalSection
	GlobalSection(ExtensibilityGlobals) = postSolution
		SolutionGuid = {2581CA50-2E12-4B9D-8CAA-C69C1A745005}
	EndGlobalSection
EndGlobal
