
Microsoft Visual Studio Solution File, Format Version 12.00
# Visual Studio Version 16
VisualStudioVersion = 16.0.30114.105
MinimumVisualStudioVersion = 10.0.40219.1
Project("{8BC9CEB8-8B4A-11D0-8D11-00A0C91BC942}") = "Cherno_C++_Refresh_73_DynamicCasting", "Cherno_C++_Refresh_73_DynamicCasting\Cherno_C++_Refresh_73_DynamicCasting.vcxproj", "{80F4B068-D76E-41D5-9CC5-D01777561962}"
EndProject
Global
	GlobalSection(SolutionConfigurationPlatforms) = preSolution
		Debug|x64 = Debug|x64
		Debug|x86 = Debug|x86
		Release|x64 = Release|x64
		Release|x86 = Release|x86
	EndGlobalSection
	GlobalSection(ProjectConfigurationPlatforms) = postSolution
		{80F4B068-D76E-41D5-9CC5-D01777561962}.Debug|x64.ActiveCfg = Debug|x64
		{80F4B068-D76E-41D5-9CC5-D01777561962}.Debug|x64.Build.0 = Debug|x64
		{80F4B068-D76E-41D5-9CC5-D01777561962}.Debug|x86.ActiveCfg = Debug|Win32
		{80F4B068-D76E-41D5-9CC5-D01777561962}.Debug|x86.Build.0 = Debug|Win32
		{80F4B068-D76E-41D5-9CC5-D01777561962}.Release|x64.ActiveCfg = Release|x64
		{80F4B068-D76E-41D5-9CC5-D01777561962}.Release|x64.Build.0 = Release|x64
		{80F4B068-D76E-41D5-9CC5-D01777561962}.Release|x86.ActiveCfg = Release|Win32
		{80F4B068-D76E-41D5-9CC5-D01777561962}.Release|x86.Build.0 = Release|Win32
	EndGlobalSection
	GlobalSection(SolutionProperties) = preSolution
		HideSolutionNode = FALSE
	EndGlobalSection
	GlobalSection(ExtensibilityGlobals) = postSolution
		SolutionGuid = {7472E663-2741-4FBF-B5FA-A5DD5E2A8568}
	EndGlobalSection
EndGlobal
